
Microsoft Visual Studio Solution File, Format Version 12.00
Project("{FAE04EC0-301F-11D3-BF4B-00C04F79EFBC}") = "Week1HW1", "Week1HW1\Week1HW1.csproj", "{D1EF5E9B-6F48-4C25-BD51-916EAC8BC0A2}"
EndProject
Project("{FAE04EC0-301F-11D3-BF4B-00C04F79EFBC}") = "InClass8-23", "InClass8-23\InClass8-23.csproj", "{16107BC8-6A00-49F5-B2CA-050B632E9123}"
EndProject
Project("{FAE04EC0-301F-11D3-BF4B-00C04F79EFBC}") = "Week2ICE2", "Week2ICE2\Week2ICE2.csproj", "{D47EF143-AB9B-49F0-82E5-8CC5A4B5ED63}"
EndProject
Project("{FAE04EC0-301F-11D3-BF4B-00C04F79EFBC}") = "Week2HW2", "Week2HW2\Week2HW2.csproj", "{479845F1-2533-4B90-8121-390FD8CBE79B}"
EndProject
Project("{FAE04EC0-301F-11D3-BF4B-00C04F79EFBC}") = "Week3ICE1", "Week3ICE1\Week3ICE1.csproj", "{899457DE-AA5E-4BA4-B490-035EDD93CC66}"
EndProject
Project("{FAE04EC0-301F-11D3-BF4B-00C04F79EFBC}") = "Week3IcE2", "Week3IcE2\Week3IcE2.csproj", "{A9D4457F-6112-49C0-A741-69850E23F5F7}"
EndProject
Project("{FAE04EC0-301F-11D3-BF4B-00C04F79EFBC}") = "Week3HW", "Week3HW\Week3HW.csproj", "{3A5EE8F9-22E4-42C4-AEC5-F1A9A8D369BF}"
EndProject
Project("{FAE04EC0-301F-11D3-BF4B-00C04F79EFBC}") = "Week4ICE1", "Week4ICE1\Week4ICE1.csproj", "{9119202B-776E-491F-AEC4-E0D6C27912EA}"
EndProject
Project("{FAE04EC0-301F-11D3-BF4B-00C04F79EFBC}") = "Week4ICE2", "Week4ICE2\Week4ICE2.csproj", "{29CC88E2-E83D-4E5C-AAAF-6D9C39EBD66A}"
EndProject
Project("{FAE04EC0-301F-11D3-BF4B-00C04F79EFBC}") = "Week5ICE1", "Week5ICE1\Week5ICE1.csproj", "{B01C4D41-2CBE-43BA-A8D6-3745FB1D392C}"
EndProject
Project("{FAE04EC0-301F-11D3-BF4B-00C04F79EFBC}") = "Week4HW", "Week4HW\Week4HW.csproj", "{0CC339A8-6113-46DA-BE47-8CD6B88C1E07}"
EndProject
Project("{FAE04EC0-301F-11D3-BF4B-00C04F79EFBC}") = "Week5ICE2", "Week5ICE2\Week5ICE2.csproj", "{D3D337A4-34F2-4123-87A5-B60BCE761498}"
EndProject
Project("{FAE04EC0-301F-11D3-BF4B-00C04F79EFBC}") = "Week6ICE1", "Week6ICE1\Week6ICE1.csproj", "{609DB052-216C-499E-A9B4-B8F374E7347B}"
EndProject
Project("{FAE04EC0-301F-11D3-BF4B-00C04F79EFBC}") = "Week6ICE2", "Week6ICE2\Week6ICE2.csproj", "{A666CBA2-C06F-4685-AB34-B6B8D5795CE1}"
EndProject
Project("{FAE04EC0-301F-11D3-BF4B-00C04F79EFBC}") = "Week6HW", "Week6HW\Week6HW.csproj", "{8EC67AD6-D724-4CFF-9233-388C9B8F9D69}"
EndProject
Project("{FAE04EC0-301F-11D3-BF4B-00C04F79EFBC}") = "Week7ICE1", "Week7ICE1\Week7ICE1.csproj", "{134F129E-C945-4E87-8A31-CECF6E1D5573}"
EndProject
Project("{FAE04EC0-301F-11D3-BF4B-00C04F79EFBC}") = "Week7ICE2", "Week7ICE2\Week7ICE2.csproj", "{20726C66-63DF-4F3C-92E2-80F776E63CEB}"
EndProject
Global
	GlobalSection(SolutionConfigurationPlatforms) = preSolution
		Debug|Any CPU = Debug|Any CPU
		Release|Any CPU = Release|Any CPU
	EndGlobalSection
	GlobalSection(ProjectConfigurationPlatforms) = postSolution
		{D1EF5E9B-6F48-4C25-BD51-916EAC8BC0A2}.Debug|Any CPU.ActiveCfg = Debug|Any CPU
		{D1EF5E9B-6F48-4C25-BD51-916EAC8BC0A2}.Debug|Any CPU.Build.0 = Debug|Any CPU
		{D1EF5E9B-6F48-4C25-BD51-916EAC8BC0A2}.Release|Any CPU.ActiveCfg = Release|Any CPU
		{D1EF5E9B-6F48-4C25-BD51-916EAC8BC0A2}.Release|Any CPU.Build.0 = Release|Any CPU
		{16107BC8-6A00-49F5-B2CA-050B632E9123}.Debug|Any CPU.ActiveCfg = Debug|Any CPU
		{16107BC8-6A00-49F5-B2CA-050B632E9123}.Debug|Any CPU.Build.0 = Debug|Any CPU
		{16107BC8-6A00-49F5-B2CA-050B632E9123}.Release|Any CPU.ActiveCfg = Release|Any CPU
		{16107BC8-6A00-49F5-B2CA-050B632E9123}.Release|Any CPU.Build.0 = Release|Any CPU
		{D47EF143-AB9B-49F0-82E5-8CC5A4B5ED63}.Debug|Any CPU.ActiveCfg = Debug|Any CPU
		{D47EF143-AB9B-49F0-82E5-8CC5A4B5ED63}.Debug|Any CPU.Build.0 = Debug|Any CPU
		{D47EF143-AB9B-49F0-82E5-8CC5A4B5ED63}.Release|Any CPU.ActiveCfg = Release|Any CPU
		{D47EF143-AB9B-49F0-82E5-8CC5A4B5ED63}.Release|Any CPU.Build.0 = Release|Any CPU
		{479845F1-2533-4B90-8121-390FD8CBE79B}.Debug|Any CPU.ActiveCfg = Debug|Any CPU
		{479845F1-2533-4B90-8121-390FD8CBE79B}.Debug|Any CPU.Build.0 = Debug|Any CPU
		{479845F1-2533-4B90-8121-390FD8CBE79B}.Release|Any CPU.ActiveCfg = Release|Any CPU
		{479845F1-2533-4B90-8121-390FD8CBE79B}.Release|Any CPU.Build.0 = Release|Any CPU
		{899457DE-AA5E-4BA4-B490-035EDD93CC66}.Debug|Any CPU.ActiveCfg = Debug|Any CPU
		{899457DE-AA5E-4BA4-B490-035EDD93CC66}.Debug|Any CPU.Build.0 = Debug|Any CPU
		{899457DE-AA5E-4BA4-B490-035EDD93CC66}.Release|Any CPU.ActiveCfg = Release|Any CPU
		{899457DE-AA5E-4BA4-B490-035EDD93CC66}.Release|Any CPU.Build.0 = Release|Any CPU
		{A9D4457F-6112-49C0-A741-69850E23F5F7}.Debug|Any CPU.ActiveCfg = Debug|Any CPU
		{A9D4457F-6112-49C0-A741-69850E23F5F7}.Debug|Any CPU.Build.0 = Debug|Any CPU
		{A9D4457F-6112-49C0-A741-69850E23F5F7}.Release|Any CPU.ActiveCfg = Release|Any CPU
		{A9D4457F-6112-49C0-A741-69850E23F5F7}.Release|Any CPU.Build.0 = Release|Any CPU
		{3A5EE8F9-22E4-42C4-AEC5-F1A9A8D369BF}.Debug|Any CPU.ActiveCfg = Debug|Any CPU
		{3A5EE8F9-22E4-42C4-AEC5-F1A9A8D369BF}.Debug|Any CPU.Build.0 = Debug|Any CPU
		{3A5EE8F9-22E4-42C4-AEC5-F1A9A8D369BF}.Release|Any CPU.ActiveCfg = Release|Any CPU
		{3A5EE8F9-22E4-42C4-AEC5-F1A9A8D369BF}.Release|Any CPU.Build.0 = Release|Any CPU
		{9119202B-776E-491F-AEC4-E0D6C27912EA}.Debug|Any CPU.ActiveCfg = Debug|Any CPU
		{9119202B-776E-491F-AEC4-E0D6C27912EA}.Debug|Any CPU.Build.0 = Debug|Any CPU
		{9119202B-776E-491F-AEC4-E0D6C27912EA}.Release|Any CPU.ActiveCfg = Release|Any CPU
		{9119202B-776E-491F-AEC4-E0D6C27912EA}.Release|Any CPU.Build.0 = Release|Any CPU
		{29CC88E2-E83D-4E5C-AAAF-6D9C39EBD66A}.Debug|Any CPU.ActiveCfg = Debug|Any CPU
		{29CC88E2-E83D-4E5C-AAAF-6D9C39EBD66A}.Debug|Any CPU.Build.0 = Debug|Any CPU
		{29CC88E2-E83D-4E5C-AAAF-6D9C39EBD66A}.Release|Any CPU.ActiveCfg = Release|Any CPU
		{29CC88E2-E83D-4E5C-AAAF-6D9C39EBD66A}.Release|Any CPU.Build.0 = Release|Any CPU
		{B01C4D41-2CBE-43BA-A8D6-3745FB1D392C}.Debug|Any CPU.ActiveCfg = Debug|Any CPU
		{B01C4D41-2CBE-43BA-A8D6-3745FB1D392C}.Debug|Any CPU.Build.0 = Debug|Any CPU
		{B01C4D41-2CBE-43BA-A8D6-3745FB1D392C}.Release|Any CPU.ActiveCfg = Release|Any CPU
		{B01C4D41-2CBE-43BA-A8D6-3745FB1D392C}.Release|Any CPU.Build.0 = Release|Any CPU
		{0CC339A8-6113-46DA-BE47-8CD6B88C1E07}.Debug|Any CPU.ActiveCfg = Debug|Any CPU
		{0CC339A8-6113-46DA-BE47-8CD6B88C1E07}.Debug|Any CPU.Build.0 = Debug|Any CPU
		{0CC339A8-6113-46DA-BE47-8CD6B88C1E07}.Release|Any CPU.ActiveCfg = Release|Any CPU
		{0CC339A8-6113-46DA-BE47-8CD6B88C1E07}.Release|Any CPU.Build.0 = Release|Any CPU
		{D3D337A4-34F2-4123-87A5-B60BCE761498}.Debug|Any CPU.ActiveCfg = Debug|Any CPU
		{D3D337A4-34F2-4123-87A5-B60BCE761498}.Debug|Any CPU.Build.0 = Debug|Any CPU
		{D3D337A4-34F2-4123-87A5-B60BCE761498}.Release|Any CPU.ActiveCfg = Release|Any CPU
		{D3D337A4-34F2-4123-87A5-B60BCE761498}.Release|Any CPU.Build.0 = Release|Any CPU
		{609DB052-216C-499E-A9B4-B8F374E7347B}.Debug|Any CPU.ActiveCfg = Debug|Any CPU
		{609DB052-216C-499E-A9B4-B8F374E7347B}.Debug|Any CPU.Build.0 = Debug|Any CPU
		{609DB052-216C-499E-A9B4-B8F374E7347B}.Release|Any CPU.ActiveCfg = Release|Any CPU
		{609DB052-216C-499E-A9B4-B8F374E7347B}.Release|Any CPU.Build.0 = Release|Any CPU
		{A666CBA2-C06F-4685-AB34-B6B8D5795CE1}.Debug|Any CPU.ActiveCfg = Debug|Any CPU
		{A666CBA2-C06F-4685-AB34-B6B8D5795CE1}.Debug|Any CPU.Build.0 = Debug|Any CPU
		{A666CBA2-C06F-4685-AB34-B6B8D5795CE1}.Release|Any CPU.ActiveCfg = Release|Any CPU
		{A666CBA2-C06F-4685-AB34-B6B8D5795CE1}.Release|Any CPU.Build.0 = Release|Any CPU
		{8EC67AD6-D724-4CFF-9233-388C9B8F9D69}.Debug|Any CPU.ActiveCfg = Debug|Any CPU
		{8EC67AD6-D724-4CFF-9233-388C9B8F9D69}.Debug|Any CPU.Build.0 = Debug|Any CPU
		{8EC67AD6-D724-4CFF-9233-388C9B8F9D69}.Release|Any CPU.ActiveCfg = Release|Any CPU
		{8EC67AD6-D724-4CFF-9233-388C9B8F9D69}.Release|Any CPU.Build.0 = Release|Any CPU
		{134F129E-C945-4E87-8A31-CECF6E1D5573}.Debug|Any CPU.ActiveCfg = Debug|Any CPU
		{134F129E-C945-4E87-8A31-CECF6E1D5573}.Debug|Any CPU.Build.0 = Debug|Any CPU
		{134F129E-C945-4E87-8A31-CECF6E1D5573}.Release|Any CPU.ActiveCfg = Release|Any CPU
		{134F129E-C945-4E87-8A31-CECF6E1D5573}.Release|Any CPU.Build.0 = Release|Any CPU
		{20726C66-63DF-4F3C-92E2-80F776E63CEB}.Debug|Any CPU.ActiveCfg = Debug|Any CPU
		{20726C66-63DF-4F3C-92E2-80F776E63CEB}.Debug|Any CPU.Build.0 = Debug|Any CPU
		{20726C66-63DF-4F3C-92E2-80F776E63CEB}.Release|Any CPU.ActiveCfg = Release|Any CPU
		{20726C66-63DF-4F3C-92E2-80F776E63CEB}.Release|Any CPU.Build.0 = Release|Any CPU
	EndGlobalSection
EndGlobal
